
Microsoft Visual Studio Solution File, Format Version 12.00
# Visual Studio Version 17
VisualStudioVersion = 17.8.34330.188
MinimumVisualStudioVersion = 10.0.40219.1
Project("{8BC9CEB8-8B4A-11D0-8D11-00A0C91BC942}") = "Dyn_Lib", "Dyn_Lib.vcxproj", "{60918D1D-AD6D-4118-887B-9E4F30A7B4D2}"
EndProject
Project("{8BC9CEB8-8B4A-11D0-8D11-00A0C91BC942}") = "Leave_main", "..\Leave_main\Leave_main.vcxproj", "{3FCD848B-0FE4-4CA5-B22A-1EAE2332F4C4}"
EndProject
Global
	GlobalSection(SolutionConfigurationPlatforms) = preSolution
		Debug|x64 = Debug|x64
		Debug|x86 = Debug|x86
		Release|x64 = Release|x64
		Release|x86 = Release|x86
	EndGlobalSection
	GlobalSection(ProjectConfigurationPlatforms) = postSolution
		{60918D1D-AD6D-4118-887B-9E4F30A7B4D2}.Debug|x64.ActiveCfg = Debug|x64
		{60918D1D-AD6D-4118-887B-9E4F30A7B4D2}.Debug|x64.Build.0 = Debug|x64
		{60918D1D-AD6D-4118-887B-9E4F30A7B4D2}.Debug|x86.ActiveCfg = Debug|Win32
		{60918D1D-AD6D-4118-887B-9E4F30A7B4D2}.Debug|x86.Build.0 = Debug|Win32
		{60918D1D-AD6D-4118-887B-9E4F30A7B4D2}.Release|x64.ActiveCfg = Release|x64
		{60918D1D-AD6D-4118-887B-9E4F30A7B4D2}.Release|x64.Build.0 = Release|x64
		{60918D1D-AD6D-4118-887B-9E4F30A7B4D2}.Release|x86.ActiveCfg = Release|Win32
		{60918D1D-AD6D-4118-887B-9E4F30A7B4D2}.Release|x86.Build.0 = Release|Win32
		{3FCD848B-0FE4-4CA5-B22A-1EAE2332F4C4}.Debug|x64.ActiveCfg = Debug|x64
		{3FCD848B-0FE4-4CA5-B22A-1EAE2332F4C4}.Debug|x64.Build.0 = Debug|x64
		{3FCD848B-0FE4-4CA5-B22A-1EAE2332F4C4}.Debug|x86.ActiveCfg = Debug|Win32
		{3FCD848B-0FE4-4CA5-B22A-1EAE2332F4C4}.Debug|x86.Build.0 = Debug|Win32
		{3FCD848B-0FE4-4CA5-B22A-1EAE2332F4C4}.Release|x64.ActiveCfg = Release|x64
		{3FCD848B-0FE4-4CA5-B22A-1EAE2332F4C4}.Release|x64.Build.0 = Release|x64
		{3FCD848B-0FE4-4CA5-B22A-1EAE2332F4C4}.Release|x86.ActiveCfg = Release|Win32
		{3FCD848B-0FE4-4CA5-B22A-1EAE2332F4C4}.Release|x86.Build.0 = Release|Win32
	EndGlobalSection
	GlobalSection(SolutionProperties) = preSolution
		HideSolutionNode = FALSE
	EndGlobalSection
	GlobalSection(ExtensibilityGlobals) = postSolution
		SolutionGuid = {A2B5DED0-7D53-455B-8AE3-A2D337A3DF87}
	EndGlobalSection
EndGlobal
