
Microsoft Visual Studio Solution File, Format Version 12.00
# Visual Studio Version 17
VisualStudioVersion = 17.8.34330.188
MinimumVisualStudioVersion = 10.0.40219.1
Project("{8BC9CEB8-8B4A-11D0-8D11-00A0C91BC942}") = "Quick_sort", "Quick_sort.vcxproj", "{03ECF099-0EDF-4AEB-B431-D3CD919DCFDE}"
EndProject
Global
	GlobalSection(SolutionConfigurationPlatforms) = preSolution
		Debug|x64 = Debug|x64
		Debug|x86 = Debug|x86
		Release|x64 = Release|x64
		Release|x86 = Release|x86
	EndGlobalSection
	GlobalSection(ProjectConfigurationPlatforms) = postSolution
		{03ECF099-0EDF-4AEB-B431-D3CD919DCFDE}.Debug|x64.ActiveCfg = Debug|x64
		{03ECF099-0EDF-4AEB-B431-D3CD919DCFDE}.Debug|x64.Build.0 = Debug|x64
		{03ECF099-0EDF-4AEB-B431-D3CD919DCFDE}.Debug|x86.ActiveCfg = Debug|Win32
		{03ECF099-0EDF-4AEB-B431-D3CD919DCFDE}.Debug|x86.Build.0 = Debug|Win32
		{03ECF099-0EDF-4AEB-B431-D3CD919DCFDE}.Release|x64.ActiveCfg = Release|x64
		{03ECF099-0EDF-4AEB-B431-D3CD919DCFDE}.Release|x64.Build.0 = Release|x64
		{03ECF099-0EDF-4AEB-B431-D3CD919DCFDE}.Release|x86.ActiveCfg = Release|Win32
		{03ECF099-0EDF-4AEB-B431-D3CD919DCFDE}.Release|x86.Build.0 = Release|Win32
	EndGlobalSection
	GlobalSection(SolutionProperties) = preSolution
		HideSolutionNode = FALSE
	EndGlobalSection
	GlobalSection(ExtensibilityGlobals) = postSolution
		SolutionGuid = {27D0F46A-55CB-4632-BE70-29CBBBB52AE7}
	EndGlobalSection
EndGlobal
