
Microsoft Visual Studio Solution File, Format Version 12.00
# Visual Studio Version 17
VisualStudioVersion = 17.8.34330.188
MinimumVisualStudioVersion = 10.0.40219.1
Project("{8BC9CEB8-8B4A-11D0-8D11-00A0C91BC942}") = "Copying_smart_array", "Copying_smart_array.vcxproj", "{63381C9C-CC47-4D7D-B9C2-13875F2130CB}"
EndProject
Global
	GlobalSection(SolutionConfigurationPlatforms) = preSolution
		Debug|x64 = Debug|x64
		Debug|x86 = Debug|x86
		Release|x64 = Release|x64
		Release|x86 = Release|x86
	EndGlobalSection
	GlobalSection(ProjectConfigurationPlatforms) = postSolution
		{63381C9C-CC47-4D7D-B9C2-13875F2130CB}.Debug|x64.ActiveCfg = Debug|x64
		{63381C9C-CC47-4D7D-B9C2-13875F2130CB}.Debug|x64.Build.0 = Debug|x64
		{63381C9C-CC47-4D7D-B9C2-13875F2130CB}.Debug|x86.ActiveCfg = Debug|Win32
		{63381C9C-CC47-4D7D-B9C2-13875F2130CB}.Debug|x86.Build.0 = Debug|Win32
		{63381C9C-CC47-4D7D-B9C2-13875F2130CB}.Release|x64.ActiveCfg = Release|x64
		{63381C9C-CC47-4D7D-B9C2-13875F2130CB}.Release|x64.Build.0 = Release|x64
		{63381C9C-CC47-4D7D-B9C2-13875F2130CB}.Release|x86.ActiveCfg = Release|Win32
		{63381C9C-CC47-4D7D-B9C2-13875F2130CB}.Release|x86.Build.0 = Release|Win32
	EndGlobalSection
	GlobalSection(SolutionProperties) = preSolution
		HideSolutionNode = FALSE
	EndGlobalSection
	GlobalSection(ExtensibilityGlobals) = postSolution
		SolutionGuid = {F06046BC-226B-46A5-860B-961CF2F8306C}
	EndGlobalSection
EndGlobal
