
Microsoft Visual Studio Solution File, Format Version 12.00
# Visual Studio Version 17
VisualStudioVersion = 17.11.35208.52
MinimumVisualStudioVersion = 10.0.40219.1
Project("{8BC9CEB8-8B4A-11D0-8D11-00A0C91BC942}") = "Classes", "Classes.vcxproj", "{B193AE69-F928-4CD0-AD3E-6A0E6FC44F54}"
EndProject
Global
	GlobalSection(SolutionConfigurationPlatforms) = preSolution
		Debug|x64 = Debug|x64
		Debug|x86 = Debug|x86
		Release|x64 = Release|x64
		Release|x86 = Release|x86
	EndGlobalSection
	GlobalSection(ProjectConfigurationPlatforms) = postSolution
		{B193AE69-F928-4CD0-AD3E-6A0E6FC44F54}.Debug|x64.ActiveCfg = Debug|x64
		{B193AE69-F928-4CD0-AD3E-6A0E6FC44F54}.Debug|x64.Build.0 = Debug|x64
		{B193AE69-F928-4CD0-AD3E-6A0E6FC44F54}.Debug|x86.ActiveCfg = Debug|Win32
		{B193AE69-F928-4CD0-AD3E-6A0E6FC44F54}.Debug|x86.Build.0 = Debug|Win32
		{B193AE69-F928-4CD0-AD3E-6A0E6FC44F54}.Release|x64.ActiveCfg = Release|x64
		{B193AE69-F928-4CD0-AD3E-6A0E6FC44F54}.Release|x64.Build.0 = Release|x64
		{B193AE69-F928-4CD0-AD3E-6A0E6FC44F54}.Release|x86.ActiveCfg = Release|Win32
		{B193AE69-F928-4CD0-AD3E-6A0E6FC44F54}.Release|x86.Build.0 = Release|Win32
	EndGlobalSection
	GlobalSection(SolutionProperties) = preSolution
		HideSolutionNode = FALSE
	EndGlobalSection
	GlobalSection(ExtensibilityGlobals) = postSolution
		SolutionGuid = {FF4E3B4F-4030-4665-A798-42ABB5E68B68}
	EndGlobalSection
EndGlobal
